
Microsoft Visual Studio Solution File, Format Version 12.00
# Visual Studio Version 17
VisualStudioVersion = 17.8.34322.80
MinimumVisualStudioVersion = 10.0.40219.1
Project("{8BC9CEB8-8B4A-11D0-8D11-00A0C91BC942}") = "CrossPlatformMixed", "CrossPlatformMixed.vcxproj", "{FFE98CB8-DB9A-40B9-9FF6-76A2D83FA566}"
EndProject
Global
	GlobalSection(SolutionConfigurationPlatforms) = preSolution
		Debug|x64 = Debug|x64
		Debug|x86 = Debug|x86
		Release|x64 = Release|x64
		Release|x86 = Release|x86
	EndGlobalSection
	GlobalSection(ProjectConfigurationPlatforms) = postSolution
		{FFE98CB8-DB9A-40B9-9FF6-76A2D83FA566}.Debug|x64.ActiveCfg = Debug|x64
		{FFE98CB8-DB9A-40B9-9FF6-76A2D83FA566}.Debug|x64.Build.0 = Debug|x64
		{FFE98CB8-DB9A-40B9-9FF6-76A2D83FA566}.Debug|x86.ActiveCfg = Debug|Win32
		{FFE98CB8-DB9A-40B9-9FF6-76A2D83FA566}.Debug|x86.Build.0 = Debug|Win32
		{FFE98CB8-DB9A-40B9-9FF6-76A2D83FA566}.Release|x64.ActiveCfg = Release|x64
		{FFE98CB8-DB9A-40B9-9FF6-76A2D83FA566}.Release|x64.Build.0 = Release|x64
		{FFE98CB8-DB9A-40B9-9FF6-76A2D83FA566}.Release|x86.ActiveCfg = Release|Win32
		{FFE98CB8-DB9A-40B9-9FF6-76A2D83FA566}.Release|x86.Build.0 = Release|Win32
	EndGlobalSection
	GlobalSection(SolutionProperties) = preSolution
		HideSolutionNode = FALSE
	EndGlobalSection
	GlobalSection(ExtensibilityGlobals) = postSolution
		SolutionGuid = {CD7E9749-DA7E-41BB-917D-B2D7267332AE}
	EndGlobalSection
EndGlobal
